
Microsoft Visual Studio Solution File, Format Version 12.00
# Visual Studio Version 17
VisualStudioVersion = 17.11.35222.181
MinimumVisualStudioVersion = 10.0.40219.1
Project("{888888A0-9F3D-457C-B088-3A5042F75D52}") = "mtg_ai", "mtg_ai.pyproj", "{558364A9-1B28-4B60-B524-BA561EF211F8}"
EndProject
Global
	GlobalSection(SolutionConfigurationPlatforms) = preSolution
		Debug|Any CPU = Debug|Any CPU
		Release|Any CPU = Release|Any CPU
	EndGlobalSection
	GlobalSection(ProjectConfigurationPlatforms) = postSolution
		{558364A9-1B28-4B60-B524-BA561EF211F8}.Debug|Any CPU.ActiveCfg = Debug|Any CPU
		{558364A9-1B28-4B60-B524-BA561EF211F8}.Release|Any CPU.ActiveCfg = Release|Any CPU
	EndGlobalSection
	GlobalSection(SolutionProperties) = preSolution
		HideSolutionNode = FALSE
	EndGlobalSection
	GlobalSection(ExtensibilityGlobals) = postSolution
		SolutionGuid = {EAAE2B68-1DE5-426B-A897-558D3E1B085B}
	EndGlobalSection
EndGlobal
